
Microsoft Visual Studio Solution File, Format Version 12.00
# Visual Studio Version 17
VisualStudioVersion = 17.1.32228.430
MinimumVisualStudioVersion = 10.0.40219.1
Project("{9A19103F-16F7-4668-BE54-9A1E7A4F7556}") = "DataAccess", "DataAccess\DataAccess.csproj", "{15FCE472-0DC3-451C-842A-5E460BB852AC}"
EndProject
Project("{9A19103F-16F7-4668-BE54-9A1E7A4F7556}") = "Business", "Business\Business.csproj", "{A5AA1E55-01D0-4F6B-AE1B-BF688D12277F}"
EndProject
Project("{9A19103F-16F7-4668-BE54-9A1E7A4F7556}") = "Entities", "Entities\Entities.csproj", "{616A060F-ACC4-41E1-A00D-D2E6CFF209BD}"
EndProject
Project("{9A19103F-16F7-4668-BE54-9A1E7A4F7556}") = "ConsoleUI", "ConsoleUI\ConsoleUI.csproj", "{3BE352C4-115A-40AB-B26D-BC332CF3F1B5}"
EndProject
Project("{9A19103F-16F7-4668-BE54-9A1E7A4F7556}") = "Core", "Core\Core.csproj", "{D42A5037-588B-4F48-999A-D64633D1147B}"
EndProject
Project("{FAE04EC0-301F-11D3-BF4B-00C04F79EFBC}") = "WebAPI", "WebAPI\WebAPI.csproj", "{03F99A70-F977-49B9-A181-36B34CEBB5D6}"
EndProject
Global
	GlobalSection(SolutionConfigurationPlatforms) = preSolution
		Debug|Any CPU = Debug|Any CPU
		Debug|x64 = Debug|x64
		Debug|x86 = Debug|x86
		Release|Any CPU = Release|Any CPU
		Release|x64 = Release|x64
		Release|x86 = Release|x86
	EndGlobalSection
	GlobalSection(ProjectConfigurationPlatforms) = postSolution
		{15FCE472-0DC3-451C-842A-5E460BB852AC}.Debug|Any CPU.ActiveCfg = Debug|Any CPU
		{15FCE472-0DC3-451C-842A-5E460BB852AC}.Debug|Any CPU.Build.0 = Debug|Any CPU
		{15FCE472-0DC3-451C-842A-5E460BB852AC}.Debug|x64.ActiveCfg = Debug|Any CPU
		{15FCE472-0DC3-451C-842A-5E460BB852AC}.Debug|x64.Build.0 = Debug|Any CPU
		{15FCE472-0DC3-451C-842A-5E460BB852AC}.Debug|x86.ActiveCfg = Debug|Any CPU
		{15FCE472-0DC3-451C-842A-5E460BB852AC}.Debug|x86.Build.0 = Debug|Any CPU
		{15FCE472-0DC3-451C-842A-5E460BB852AC}.Release|Any CPU.ActiveCfg = Release|Any CPU
		{15FCE472-0DC3-451C-842A-5E460BB852AC}.Release|Any CPU.Build.0 = Release|Any CPU
		{15FCE472-0DC3-451C-842A-5E460BB852AC}.Release|x64.ActiveCfg = Release|Any CPU
		{15FCE472-0DC3-451C-842A-5E460BB852AC}.Release|x64.Build.0 = Release|Any CPU
		{15FCE472-0DC3-451C-842A-5E460BB852AC}.Release|x86.ActiveCfg = Release|Any CPU
		{15FCE472-0DC3-451C-842A-5E460BB852AC}.Release|x86.Build.0 = Release|Any CPU
		{A5AA1E55-01D0-4F6B-AE1B-BF688D12277F}.Debug|Any CPU.ActiveCfg = Debug|Any CPU
		{A5AA1E55-01D0-4F6B-AE1B-BF688D12277F}.Debug|Any CPU.Build.0 = Debug|Any CPU
		{A5AA1E55-01D0-4F6B-AE1B-BF688D12277F}.Debug|x64.ActiveCfg = Debug|Any CPU
		{A5AA1E55-01D0-4F6B-AE1B-BF688D12277F}.Debug|x64.Build.0 = Debug|Any CPU
		{A5AA1E55-01D0-4F6B-AE1B-BF688D12277F}.Debug|x86.ActiveCfg = Debug|Any CPU
		{A5AA1E55-01D0-4F6B-AE1B-BF688D12277F}.Debug|x86.Build.0 = Debug|Any CPU
		{A5AA1E55-01D0-4F6B-AE1B-BF688D12277F}.Release|Any CPU.ActiveCfg = Release|Any CPU
		{A5AA1E55-01D0-4F6B-AE1B-BF688D12277F}.Release|Any CPU.Build.0 = Release|Any CPU
		{A5AA1E55-01D0-4F6B-AE1B-BF688D12277F}.Release|x64.ActiveCfg = Release|Any CPU
		{A5AA1E55-01D0-4F6B-AE1B-BF688D12277F}.Release|x64.Build.0 = Release|Any CPU
		{A5AA1E55-01D0-4F6B-AE1B-BF688D12277F}.Release|x86.ActiveCfg = Release|Any CPU
		{A5AA1E55-01D0-4F6B-AE1B-BF688D12277F}.Release|x86.Build.0 = Release|Any CPU
		{616A060F-ACC4-41E1-A00D-D2E6CFF209BD}.Debug|Any CPU.ActiveCfg = Debug|Any CPU
		{616A060F-ACC4-41E1-A00D-D2E6CFF209BD}.Debug|Any CPU.Build.0 = Debug|Any CPU
		{616A060F-ACC4-41E1-A00D-D2E6CFF209BD}.Debug|x64.ActiveCfg = Debug|Any CPU
		{616A060F-ACC4-41E1-A00D-D2E6CFF209BD}.Debug|x64.Build.0 = Debug|Any CPU
		{616A060F-ACC4-41E1-A00D-D2E6CFF209BD}.Debug|x86.ActiveCfg = Debug|Any CPU
		{616A060F-ACC4-41E1-A00D-D2E6CFF209BD}.Debug|x86.Build.0 = Debug|Any CPU
		{616A060F-ACC4-41E1-A00D-D2E6CFF209BD}.Release|Any CPU.ActiveCfg = Release|Any CPU
		{616A060F-ACC4-41E1-A00D-D2E6CFF209BD}.Release|Any CPU.Build.0 = Release|Any CPU
		{616A060F-ACC4-41E1-A00D-D2E6CFF209BD}.Release|x64.ActiveCfg = Release|Any CPU
		{616A060F-ACC4-41E1-A00D-D2E6CFF209BD}.Release|x64.Build.0 = Release|Any CPU
		{616A060F-ACC4-41E1-A00D-D2E6CFF209BD}.Release|x86.ActiveCfg = Release|Any CPU
		{616A060F-ACC4-41E1-A00D-D2E6CFF209BD}.Release|x86.Build.0 = Release|Any CPU
		{3BE352C4-115A-40AB-B26D-BC332CF3F1B5}.Debug|Any CPU.ActiveCfg = Debug|Any CPU
		{3BE352C4-115A-40AB-B26D-BC332CF3F1B5}.Debug|Any CPU.Build.0 = Debug|Any CPU
		{3BE352C4-115A-40AB-B26D-BC332CF3F1B5}.Debug|x64.ActiveCfg = Debug|Any CPU
		{3BE352C4-115A-40AB-B26D-BC332CF3F1B5}.Debug|x64.Build.0 = Debug|Any CPU
		{3BE352C4-115A-40AB-B26D-BC332CF3F1B5}.Debug|x86.ActiveCfg = Debug|Any CPU
		{3BE352C4-115A-40AB-B26D-BC332CF3F1B5}.Debug|x86.Build.0 = Debug|Any CPU
		{3BE352C4-115A-40AB-B26D-BC332CF3F1B5}.Release|Any CPU.ActiveCfg = Release|Any CPU
		{3BE352C4-115A-40AB-B26D-BC332CF3F1B5}.Release|Any CPU.Build.0 = Release|Any CPU
		{3BE352C4-115A-40AB-B26D-BC332CF3F1B5}.Release|x64.ActiveCfg = Release|Any CPU
		{3BE352C4-115A-40AB-B26D-BC332CF3F1B5}.Release|x64.Build.0 = Release|Any CPU
		{3BE352C4-115A-40AB-B26D-BC332CF3F1B5}.Release|x86.ActiveCfg = Release|Any CPU
		{3BE352C4-115A-40AB-B26D-BC332CF3F1B5}.Release|x86.Build.0 = Release|Any CPU
		{D42A5037-588B-4F48-999A-D64633D1147B}.Debug|Any CPU.ActiveCfg = Debug|Any CPU
		{D42A5037-588B-4F48-999A-D64633D1147B}.Debug|Any CPU.Build.0 = Debug|Any CPU
		{D42A5037-588B-4F48-999A-D64633D1147B}.Debug|x64.ActiveCfg = Debug|Any CPU
		{D42A5037-588B-4F48-999A-D64633D1147B}.Debug|x64.Build.0 = Debug|Any CPU
		{D42A5037-588B-4F48-999A-D64633D1147B}.Debug|x86.ActiveCfg = Debug|Any CPU
		{D42A5037-588B-4F48-999A-D64633D1147B}.Debug|x86.Build.0 = Debug|Any CPU
		{D42A5037-588B-4F48-999A-D64633D1147B}.Release|Any CPU.ActiveCfg = Release|Any CPU
		{D42A5037-588B-4F48-999A-D64633D1147B}.Release|Any CPU.Build.0 = Release|Any CPU
		{D42A5037-588B-4F48-999A-D64633D1147B}.Release|x64.ActiveCfg = Release|Any CPU
		{D42A5037-588B-4F48-999A-D64633D1147B}.Release|x64.Build.0 = Release|Any CPU
		{D42A5037-588B-4F48-999A-D64633D1147B}.Release|x86.ActiveCfg = Release|Any CPU
		{D42A5037-588B-4F48-999A-D64633D1147B}.Release|x86.Build.0 = Release|Any CPU
		{03F99A70-F977-49B9-A181-36B34CEBB5D6}.Debug|Any CPU.ActiveCfg = Debug|Any CPU
		{03F99A70-F977-49B9-A181-36B34CEBB5D6}.Debug|Any CPU.Build.0 = Debug|Any CPU
		{03F99A70-F977-49B9-A181-36B34CEBB5D6}.Debug|x64.ActiveCfg = Debug|Any CPU
		{03F99A70-F977-49B9-A181-36B34CEBB5D6}.Debug|x64.Build.0 = Debug|Any CPU
		{03F99A70-F977-49B9-A181-36B34CEBB5D6}.Debug|x86.ActiveCfg = Debug|Any CPU
		{03F99A70-F977-49B9-A181-36B34CEBB5D6}.Debug|x86.Build.0 = Debug|Any CPU
		{03F99A70-F977-49B9-A181-36B34CEBB5D6}.Release|Any CPU.ActiveCfg = Release|Any CPU
		{03F99A70-F977-49B9-A181-36B34CEBB5D6}.Release|Any CPU.Build.0 = Release|Any CPU
		{03F99A70-F977-49B9-A181-36B34CEBB5D6}.Release|x64.ActiveCfg = Release|Any CPU
		{03F99A70-F977-49B9-A181-36B34CEBB5D6}.Release|x64.Build.0 = Release|Any CPU
		{03F99A70-F977-49B9-A181-36B34CEBB5D6}.Release|x86.ActiveCfg = Release|Any CPU
		{03F99A70-F977-49B9-A181-36B34CEBB5D6}.Release|x86.Build.0 = Release|Any CPU
	EndGlobalSection
	GlobalSection(SolutionProperties) = preSolution
		HideSolutionNode = FALSE
	EndGlobalSection
	GlobalSection(ExtensibilityGlobals) = postSolution
		SolutionGuid = {AC0E2484-F7F3-4BCD-A152-08B755665685}
	EndGlobalSection
EndGlobal
